
Microsoft Visual Studio Solution File, Format Version 12.00
# Visual Studio 15
Project("{FAE04EC0-301F-11D3-BF4B-00C04F79EFBC}") = "Assembly-CSharp", "Assembly-CSharp.csproj", "{666980EB-2FD6-28EA-A469-214FE84A76F8}"
EndProject
Project("{FAE04EC0-301F-11D3-BF4B-00C04F79EFBC}") = "Assembly-CSharp-Editor", "Assembly-CSharp-Editor.csproj", "{DC46F777-3FC4-2BCF-8D98-D4FEF36DB821}"
EndProject
Global
	GlobalSection(SolutionConfigurationPlatforms) = preSolution
		Debug|Any CPU = Debug|Any CPU
		Release|Any CPU = Release|Any CPU
	EndGlobalSection
	GlobalSection(ProjectConfigurationPlatforms) = postSolution
		{666980EB-2FD6-28EA-A469-214FE84A76F8}.Debug|Any CPU.ActiveCfg = Debug|Any CPU
		{666980EB-2FD6-28EA-A469-214FE84A76F8}.Debug|Any CPU.Build.0 = Debug|Any CPU
		{666980EB-2FD6-28EA-A469-214FE84A76F8}.Release|Any CPU.ActiveCfg = Release|Any CPU
		{666980EB-2FD6-28EA-A469-214FE84A76F8}.Release|Any CPU.Build.0 = Release|Any CPU
		{DC46F777-3FC4-2BCF-8D98-D4FEF36DB821}.Debug|Any CPU.ActiveCfg = Debug|Any CPU
		{DC46F777-3FC4-2BCF-8D98-D4FEF36DB821}.Debug|Any CPU.Build.0 = Debug|Any CPU
		{DC46F777-3FC4-2BCF-8D98-D4FEF36DB821}.Release|Any CPU.ActiveCfg = Release|Any CPU
		{DC46F777-3FC4-2BCF-8D98-D4FEF36DB821}.Release|Any CPU.Build.0 = Release|Any CPU
	EndGlobalSection
	GlobalSection(SolutionProperties) = preSolution
		HideSolutionNode = FALSE
	EndGlobalSection
EndGlobal
